// !$*UTF8*$!
{
	archiveVersion = 1;
	classes = {
	};
	objectVersion = 56;
	objects = {

/* Begin PBXBuildFile section */
		C360E60F2927F5790060915E /* AppDelegate.swift in Sources */ = {isa = PBXBuildFile; fileRef = C360E60E2927F5790060915E /* AppDelegate.swift */; };
		C360E6112927F5790060915E /* SceneDelegate.swift in Sources */ = {isa = PBXBuildFile; fileRef = C360E6102927F5790060915E /* SceneDelegate.swift */; };
		C360E6132927F5790060915E /* ViewController.swift in Sources */ = {isa = PBXBuildFile; fileRef = C360E6122927F5790060915E /* ViewController.swift */; };
		C360E6162927F5790060915E /* Main.storyboard in Resources */ = {isa = PBXBuildFile; fileRef = C360E6142927F5790060915E /* Main.storyboard */; };
		C360E6182927F57B0060915E /* Assets.xcassets in Resources */ = {isa = PBXBuildFile; fileRef = C360E6172927F57B0060915E /* Assets.xcassets */; };
		C360E61B2927F57B0060915E /* LaunchScreen.storyboard in Resources */ = {isa = PBXBuildFile; fileRef = C360E6192927F57B0060915E /* LaunchScreen.storyboard */; };
		C360E6242927F8610060915E /* Client.swift in Sources */ = {isa = PBXBuildFile; fileRef = C360E6232927F8610060915E /* Client.swift */; };
		C360E6262927F9040060915E /* BaseResponse.swift in Sources */ = {isa = PBXBuildFile; fileRef = C360E6252927F9040060915E /* BaseResponse.swift */; };
		C360E6292927F9BA0060915E /* RandomQuoteModel.swift in Sources */ = {isa = PBXBuildFile; fileRef = C360E6282927F9BA0060915E /* RandomQuoteModel.swift */; };
/* End PBXBuildFile section */

/* Begin PBXFileReference section */
		C360E60B2927F5790060915E /* RandomQuote.app */ = {isa = PBXFileReference; explicitFileType = wrapper.application; includeInIndex = 0; path = RandomQuote.app; sourceTree = BUILT_PRODUCTS_DIR; };
		C360E60E2927F5790060915E /* AppDelegate.swift */ = {isa = PBXFileReference; lastKnownFileType = sourcecode.swift; path = AppDelegate.swift; sourceTree = "<group>"; };
		C360E6102927F5790060915E /* SceneDelegate.swift */ = {isa = PBXFileReference; lastKnownFileType = sourcecode.swift; path = SceneDelegate.swift; sourceTree = "<group>"; };
		C360E6122927F5790060915E /* ViewController.swift */ = {isa = PBXFileReference; lastKnownFileType = sourcecode.swift; path = ViewController.swift; sourceTree = "<group>"; };
		C360E6152927F5790060915E /* Base */ = {isa = PBXFileReference; lastKnownFileType = file.storyboard; name = Base; path = Base.lproj/Main.storyboard; sourceTree = "<group>"; };
		C360E6172927F57B0060915E /* Assets.xcassets */ = {isa = PBXFileReference; lastKnownFileType = folder.assetcatalog; path = Assets.xcassets; sourceTree = "<group>"; };
		C360E61A2927F57B0060915E /* Base */ = {isa = PBXFileReference; lastKnownFileType = file.storyboard; name = Base; path = Base.lproj/LaunchScreen.storyboard; sourceTree = "<group>"; };
		C360E61C2927F57B0060915E /* Info.plist */ = {isa = PBXFileReference; lastKnownFileType = text.plist.xml; path = Info.plist; sourceTree = "<group>"; };
		C360E6232927F8610060915E /* Client.swift */ = {isa = PBXFileReference; lastKnownFileType = sourcecode.swift; path = Client.swift; sourceTree = "<group>"; };
		C360E6252927F9040060915E /* BaseResponse.swift */ = {isa = PBXFileReference; lastKnownFileType = sourcecode.swift; path = BaseResponse.swift; sourceTree = "<group>"; };
		C360E6282927F9BA0060915E /* RandomQuoteModel.swift */ = {isa = PBXFileReference; lastKnownFileType = sourcecode.swift; path = RandomQuoteModel.swift; sourceTree = "<group>"; };
/* End PBXFileReference section */

/* Begin PBXFrameworksBuildPhase section */
		C360E6082927F5790060915E /* Frameworks */ = {
			isa = PBXFrameworksBuildPhase;
			buildActionMask = 2147483647;
			files = (
			);
			runOnlyForDeploymentPostprocessing = 0;
		};
/* End PBXFrameworksBuildPhase section */

/* Begin PBXGroup section */
		C360E6022927F5790060915E = {
			isa = PBXGroup;
			children = (
				C360E60D2927F5790060915E /* RandomQuote */,
				C360E60C2927F5790060915E /* Products */,
			);
			sourceTree = "<group>";
		};
		C360E60C2927F5790060915E /* Products */ = {
			isa = PBXGroup;
			children = (
				C360E60B2927F5790060915E /* RandomQuote.app */,
			);
			name = Products;
			sourceTree = "<group>";
		};
		C360E60D2927F5790060915E /* RandomQuote */ = {
			isa = PBXGroup;
			children = (
				C360E6272927F9A60060915E /* Model */,
				C360E6222927F8520060915E /* Service */,
				C360E60E2927F5790060915E /* AppDelegate.swift */,
				C360E6102927F5790060915E /* SceneDelegate.swift */,
				C360E6122927F5790060915E /* ViewController.swift */,
				C360E6142927F5790060915E /* Main.storyboard */,
				C360E6172927F57B0060915E /* Assets.xcassets */,
				C360E6192927F57B0060915E /* LaunchScreen.storyboard */,
				C360E61C2927F57B0060915E /* Info.plist */,
			);
			path = RandomQuote;
			sourceTree = "<group>";
		};
		C360E6222927F8520060915E /* Service */ = {
			isa = PBXGroup;
			children = (
				C360E6232927F8610060915E /* Client.swift */,
				C360E6252927F9040060915E /* BaseResponse.swift */,
			);
			path = Service;
			sourceTree = "<group>";
		};
		C360E6272927F9A60060915E /* Model */ = {
			isa = PBXGroup;
			children = (
				C360E6282927F9BA0060915E /* RandomQuoteModel.swift */,
			);
			path = Model;
			sourceTree = "<group>";
		};
/* End PBXGroup section */

/* Begin PBXNativeTarget section */
		C360E60A2927F5790060915E /* RandomQuote */ = {
			isa = PBXNativeTarget;
			buildConfigurationList = C360E61F2927F57B0060915E /* Build configuration list for PBXNativeTarget "RandomQuote" */;
			buildPhases = (
				C360E6072927F5790060915E /* Sources */,
				C360E6082927F5790060915E /* Frameworks */,
				C360E6092927F5790060915E /* Resources */,
			);
			buildRules = (
			);
			dependencies = (
			);
			name = RandomQuote;
			productName = RandomQuote;
			productReference = C360E60B2927F5790060915E /* RandomQuote.app */;
			productType = "com.apple.product-type.application";
		};
/* End PBXNativeTarget section */

/* Begin PBXProject section */
		C360E6032927F5790060915E /* Project object */ = {
			isa = PBXProject;
			attributes = {
				BuildIndependentTargetsInParallel = 1;
				LastSwiftUpdateCheck = 1410;
				LastUpgradeCheck = 1410;
				TargetAttributes = {
					C360E60A2927F5790060915E = {
						CreatedOnToolsVersion = 14.1;
					};
				};
			};
			buildConfigurationList = C360E6062927F5790060915E /* Build configuration list for PBXProject "RandomQuote" */;
			compatibilityVersion = "Xcode 14.0";
			developmentRegion = en;
			hasScannedForEncodings = 0;
			knownRegions = (
				en,
				Base,
			);
			mainGroup = C360E6022927F5790060915E;
			productRefGroup = C360E60C2927F5790060915E /* Products */;
			projectDirPath = "";
			projectRoot = "";
			targets = (
				C360E60A2927F5790060915E /* RandomQuote */,
			);
		};
/* End PBXProject section */

/* Begin PBXResourcesBuildPhase section */
		C360E6092927F5790060915E /* Resources */ = {
			isa = PBXResourcesBuildPhase;
			buildActionMask = 2147483647;
			files = (
				C360E61B2927F57B0060915E /* LaunchScreen.storyboard in Resources */,
				C360E6182927F57B0060915E /* Assets.xcassets in Resources */,
				C360E6162927F5790060915E /* Main.storyboard in Resources */,
			);
			runOnlyForDeploymentPostprocessing = 0;
		};
/* End PBXResourcesBuildPhase section */

/* Begin PBXSourcesBuildPhase section */
		C360E6072927F5790060915E /* Sources */ = {
			isa = PBXSourcesBuildPhase;
			buildActionMask = 2147483647;
			files = (
				C360E6262927F9040060915E /* BaseResponse.swift in Sources */,
				C360E6132927F5790060915E /* ViewController.swift in Sources */,
				C360E60F2927F5790060915E /* AppDelegate.swift in Sources */,
				C360E6242927F8610060915E /* Client.swift in Sources */,
				C360E6112927F5790060915E /* SceneDelegate.swift in Sources */,
				C360E6292927F9BA0060915E /* RandomQuoteModel.swift in Sources */,
			);
			runOnlyForDeploymentPostprocessing = 0;
		};
/* End PBXSourcesBuildPhase section */

/* Begin PBXVariantGroup section */
		C360E6142927F5790060915E /* Main.storyboard */ = {
			isa = PBXVariantGroup;
			children = (
				C360E6152927F5790060915E /* Base */,
			);
			name = Main.storyboard;
			sourceTree = "<group>";
		};
		C360E6192927F57B0060915E /* LaunchScreen.storyboard */ = {
			isa = PBXVariantGroup;
			children = (
				C360E61A2927F57B0060915E /* Base */,
			);
			name = LaunchScreen.storyboard;
			sourceTree = "<group>";
		};
/* End PBXVariantGroup section */

/* Begin XCBuildConfiguration section */
		C360E61D2927F57B0060915E /* Debug */ = {
			isa = XCBuildConfiguration;
			buildSettings = {
				ALWAYS_SEARCH_USER_PATHS = NO;
				CLANG_ANALYZER_NONNULL = YES;
				CLANG_ANALYZER_NUMBER_OBJECT_CONVERSION = YES_AGGRESSIVE;
				CLANG_CXX_LANGUAGE_STANDARD = "gnu++20";
				CLANG_ENABLE_MODULES = YES;
				CLANG_ENABLE_OBJC_ARC = YES;
				CLANG_ENABLE_OBJC_WEAK = YES;
				CLANG_WARN_BLOCK_CAPTURE_AUTORELEASING = YES;
				CLANG_WARN_BOOL_CONVERSION = YES;
				CLANG_WARN_COMMA = YES;
				CLANG_WARN_CONSTANT_CONVERSION = YES;
				CLANG_WARN_DEPRECATED_OBJC_IMPLEMENTATIONS = YES;
				CLANG_WARN_DIRECT_OBJC_ISA_USAGE = YES_ERROR;
				CLANG_WARN_DOCUMENTATION_COMMENTS = YES;
				CLANG_WARN_EMPTY_BODY = YES;
				CLANG_WARN_ENUM_CONVERSION = YES;
				CLANG_WARN_INFINITE_RECURSION = YES;
				CLANG_WARN_INT_CONVERSION = YES;
				CLANG_WARN_NON_LITERAL_NULL_CONVERSION = YES;
				CLANG_WARN_OBJC_IMPLICIT_RETAIN_SELF = YES;
				CLANG_WARN_OBJC_LITERAL_CONVERSION = YES;
				CLANG_WARN_OBJC_ROOT_CLASS = YES_ERROR;
				CLANG_WARN_QUOTED_INCLUDE_IN_FRAMEWORK_HEADER = YES;
				CLANG_WARN_RANGE_LOOP_ANALYSIS = YES;
				CLANG_WARN_STRICT_PROTOTYPES = YES;
				CLANG_WARN_SUSPICIOUS_MOVE = YES;
				CLANG_WARN_UNGUARDED_AVAILABILITY = YES_AGGRESSIVE;
				CLANG_WARN_UNREACHABLE_CODE = YES;
				CLANG_WARN__DUPLICATE_METHOD_MATCH = YES;
				COPY_PHASE_STRIP = NO;
				DEBUG_INFORMATION_FORMAT = dwarf;
				ENABLE_STRICT_OBJC_MSGSEND = YES;
				ENABLE_TESTABILITY = YES;
				GCC_C_LANGUAGE_STANDARD = gnu11;
				GCC_DYNAMIC_NO_PIC = NO;
				GCC_NO_COMMON_BLOCKS = YES;
				GCC_OPTIMIZATION_LEVEL = 0;
				GCC_PREPROCESSOR_DEFINITIONS = (
					"DEBUG=1",
					"$(inherited)",
				);
				GCC_WARN_64_TO_32_BIT_CONVERSION = YES;
				GCC_WARN_ABOUT_RETURN_TYPE = YES_ERROR;
				GCC_WARN_UNDECLARED_SELECTOR = YES;
				GCC_WARN_UNINITIALIZED_AUTOS = YES_AGGRESSIVE;
				GCC_WARN_UNUSED_FUNCTION = YES;
				GCC_WARN_UNUSED_VARIABLE = YES;
				IPHONEOS_DEPLOYMENT_TARGET = 16.1;
				MTL_ENABLE_DEBUG_INFO = INCLUDE_SOURCE;
				MTL_FAST_MATH = YES;
				ONLY_ACTIVE_ARCH = YES;
				SDKROOT = iphoneos;
				SWIFT_ACTIVE_COMPILATION_CONDITIONS = DEBUG;
				SWIFT_OPTIMIZATION_LEVEL = "-Onone";
			};
			name = Debug;
		};
		C360E61E2927F57B0060915E /* Release */ = {
			isa = XCBuildConfiguration;
			buildSettings = {
				ALWAYS_SEARCH_USER_PATHS = NO;
				CLANG_ANALYZER_NONNULL = YES;
				CLANG_ANALYZER_NUMBER_OBJECT_CONVERSION = YES_AGGRESSIVE;
				CLANG_CXX_LANGUAGE_STANDARD = "gnu++20";
				CLANG_ENABLE_MODULES = YES;
				CLANG_ENABLE_OBJC_ARC = YES;
				CLANG_ENABLE_OBJC_WEAK = YES;
				CLANG_WARN_BLOCK_CAPTURE_AUTORELEASING = YES;
				CLANG_WARN_BOOL_CONVERSION = YES;
				CLANG_WARN_COMMA = YES;
				CLANG_WARN_CONSTANT_CONVERSION = YES;
				CLANG_WARN_DEPRECATED_OBJC_IMPLEMENTATIONS = YES;
				CLANG_WARN_DIRECT_OBJC_ISA_USAGE = YES_ERROR;
				CLANG_WARN_DOCUMENTATION_COMMENTS = YES;
				CLANG_WARN_EMPTY_BODY = YES;
				CLANG_WARN_ENUM_CONVERSION = YES;
				CLANG_WARN_INFINITE_RECURSION = YES;
				CLANG_WARN_INT_CONVERSION = YES;
				CLANG_WARN_NON_LITERAL_NULL_CONVERSION = YES;
				CLANG_WARN_OBJC_IMPLICIT_RETAIN_SELF = YES;
				CLANG_WARN_OBJC_LITERAL_CONVERSION = YES;
				CLANG_WARN_OBJC_ROOT_CLASS = YES_ERROR;
				CLANG_WARN_QUOTED_INCLUDE_IN_FRAMEWORK_HEADER = YES;
				CLANG_WARN_RANGE_LOOP_ANALYSIS = YES;
				CLANG_WARN_STRICT_PROTOTYPES = YES;
				CLANG_WARN_SUSPICIOUS_MOVE = YES;
				CLANG_WARN_UNGUARDED_AVAILABILITY = YES_AGGRESSIVE;
				CLANG_WARN_UNREACHABLE_CODE = YES;
				CLANG_WARN__DUPLICATE_METHOD_MATCH = YES;
				COPY_PHASE_STRIP = NO;
				DEBUG_INFORMATION_FORMAT = "dwarf-with-dsym";
				ENABLE_NS_ASSERTIONS = NO;
				ENABLE_STRICT_OBJC_MSGSEND = YES;
				GCC_C_LANGUAGE_STANDARD = gnu11;
				GCC_NO_COMMON_BLOCKS = YES;
				GCC_WARN_64_TO_32_BIT_CONVERSION = YES;
				GCC_WARN_ABOUT_RETURN_TYPE = YES_ERROR;
				GCC_WARN_UNDECLARED_SELECTOR = YES;
				GCC_WARN_UNINITIALIZED_AUTOS = YES_AGGRESSIVE;
				GCC_WARN_UNUSED_FUNCTION = YES;
				GCC_WARN_UNUSED_VARIABLE = YES;
				IPHONEOS_DEPLOYMENT_TARGET = 16.1;
				MTL_ENABLE_DEBUG_INFO = NO;
				MTL_FAST_MATH = YES;
				SDKROOT = iphoneos;
				SWIFT_COMPILATION_MODE = wholemodule;
				SWIFT_OPTIMIZATION_LEVEL = "-O";
				VALIDATE_PRODUCT = YES;
			};
			name = Release;
		};
		C360E6202927F57B0060915E /* Debug */ = {
			isa = XCBuildConfiguration;
			buildSettings = {
				ASSETCATALOG_COMPILER_APPICON_NAME = AppIcon;
				ASSETCATALOG_COMPILER_GLOBAL_ACCENT_COLOR_NAME = AccentColor;
				CODE_SIGN_STYLE = Automatic;
				CURRENT_PROJECT_VERSION = 1;
				DEVELOPMENT_TEAM = DP7QQJ422M;
				GENERATE_INFOPLIST_FILE = YES;
				INFOPLIST_FILE = RandomQuote/Info.plist;
				INFOPLIST_KEY_UIApplicationSupportsIndirectInputEvents = YES;
				INFOPLIST_KEY_UILaunchStoryboardName = LaunchScreen;
				INFOPLIST_KEY_UIMainStoryboardFile = Main;
				INFOPLIST_KEY_UISupportedInterfaceOrientations_iPad = "UIInterfaceOrientationPortrait UIInterfaceOrientationPortraitUpsideDown UIInterfaceOrientationLandscapeLeft UIInterfaceOrientationLandscapeRight";
				INFOPLIST_KEY_UISupportedInterfaceOrientations_iPhone = "UIInterfaceOrientationPortrait UIInterfaceOrientationLandscapeLeft UIInterfaceOrientationLandscapeRight";
				LD_RUNPATH_SEARCH_PATHS = (
					"$(inherited)",
					"@executable_path/Frameworks",
				);
				MARKETING_VERSION = 1.0;
				PRODUCT_BUNDLE_IDENTIFIER = com.alihankuzucuk.RandomQuote;
				PRODUCT_NAME = "$(TARGET_NAME)";
				SWIFT_EMIT_LOC_STRINGS = YES;
				SWIFT_VERSION = 5.0;
				TARGETED_DEVICE_FAMILY = "1,2";
			};
			name = Debug;
		};
		C360E6212927F57B0060915E /* Release */ = {
			isa = XCBuildConfiguration;
			buildSettings = {
				ASSETCATALOG_COMPILER_APPICON_NAME = AppIcon;
				ASSETCATALOG_COMPILER_GLOBAL_ACCENT_COLOR_NAME = AccentColor;
				CODE_SIGN_STYLE = Automatic;
				CURRENT_PROJECT_VERSION = 1;
				DEVELOPMENT_TEAM = DP7QQJ422M;
				GENERATE_INFOPLIST_FILE = YES;
				INFOPLIST_FILE = RandomQuote/Info.plist;
				INFOPLIST_KEY_UIApplicationSupportsIndirectInputEvents = YES;
				INFOPLIST_KEY_UILaunchStoryboardName = LaunchScreen;
				INFOPLIST_KEY_UIMainStoryboardFile = Main;
				INFOPLIST_KEY_UISupportedInterfaceOrientations_iPad = "UIInterfaceOrientationPortrait UIInterfaceOrientationPortraitUpsideDown UIInterfaceOrientationLandscapeLeft UIInterfaceOrientationLandscapeRight";
				INFOPLIST_KEY_UISupportedInterfaceOrientations_iPhone = "UIInterfaceOrientationPortrait UIInterfaceOrientationLandscapeLeft UIInterfaceOrientationLandscapeRight";
				LD_RUNPATH_SEARCH_PATHS = (
					"$(inherited)",
					"@executable_path/Frameworks",
				);
				MARKETING_VERSION = 1.0;
				PRODUCT_BUNDLE_IDENTIFIER = com.alihankuzucuk.RandomQuote;
				PRODUCT_NAME = "$(TARGET_NAME)";
				SWIFT_EMIT_LOC_STRINGS = YES;
				SWIFT_VERSION = 5.0;
				TARGETED_DEVICE_FAMILY = "1,2";
			};
			name = Release;
		};
/* End XCBuildConfiguration section */

/* Begin XCConfigurationList section */
		C360E6062927F5790060915E /* Build configuration list for PBXProject "RandomQuote" */ = {
			isa = XCConfigurationList;
			buildConfigurations = (
				C360E61D2927F57B0060915E /* Debug */,
				C360E61E2927F57B0060915E /* Release */,
			);
			defaultConfigurationIsVisible = 0;
			defaultConfigurationName = Release;
		};
		C360E61F2927F57B0060915E /* Build configuration list for PBXNativeTarget "RandomQuote" */ = {
			isa = XCConfigurationList;
			buildConfigurations = (
				C360E6202927F57B0060915E /* Debug */,
				C360E6212927F57B0060915E /* Release */,
			);
			defaultConfigurationIsVisible = 0;
			defaultConfigurationName = Release;
		};
/* End XCConfigurationList section */
	};
	rootObject = C360E6032927F5790060915E /* Project object */;
}
